
Microsoft Visual Studio Solution File, Format Version 12.00
# Visual Studio 15
VisualStudioVersion = 15.0.28307.705
MinimumVisualStudioVersion = 10.0.40219.1
Project("{FAE04EC0-301F-11D3-BF4B-00C04F79EFBC}") = "ASP_WebForms_HW1_Football_betting", "ASP_WebForms_HW1_Football_betting\ASP_WebForms_HW1_Football_betting.csproj", "{A15E2069-C14B-4EDF-81DF-B2F19A004364}"
EndProject
Global
	GlobalSection(SolutionConfigurationPlatforms) = preSolution
		Debug|Any CPU = Debug|Any CPU
		Release|Any CPU = Release|Any CPU
	EndGlobalSection
	GlobalSection(ProjectConfigurationPlatforms) = postSolution
		{A15E2069-C14B-4EDF-81DF-B2F19A004364}.Debug|Any CPU.ActiveCfg = Debug|Any CPU
		{A15E2069-C14B-4EDF-81DF-B2F19A004364}.Debug|Any CPU.Build.0 = Debug|Any CPU
		{A15E2069-C14B-4EDF-81DF-B2F19A004364}.Release|Any CPU.ActiveCfg = Release|Any CPU
		{A15E2069-C14B-4EDF-81DF-B2F19A004364}.Release|Any CPU.Build.0 = Release|Any CPU
	EndGlobalSection
	GlobalSection(SolutionProperties) = preSolution
		HideSolutionNode = FALSE
	EndGlobalSection
	GlobalSection(ExtensibilityGlobals) = postSolution
		SolutionGuid = {FFFCA7E7-3F67-41C3-8033-B43D7DC7155E}
	EndGlobalSection
EndGlobal
